
Microsoft Visual Studio Solution File, Format Version 12.00
# Visual Studio 2013
VisualStudioVersion = 12.0.21005.1
MinimumVisualStudioVersion = 10.0.40219.1
Project("{8BC9CEB8-8B4A-11D0-8D11-00A0C91BC942}") = "Buoi01_DSLKDon", "Buoi01_DSLKDon\Buoi01_DSLKDon.vcxproj", "{1A17CE0F-D490-4AE0-A81D-9FFE0D2F38D4}"
EndProject
Project("{8BC9CEB8-8B4A-11D0-8D11-00A0C91BC942}") = "Buoi02_DSLKDon", "Buoi02_DSLKDon\Buoi02_DSLKDon.vcxproj", "{1E53CF3F-D2D1-472E-A63B-D2BA111C1796}"
EndProject
Project("{8BC9CEB8-8B4A-11D0-8D11-00A0C91BC942}") = "Buoi03_DSLKDon", "Buoi03_DSLKDon\Buoi03_DSLKDon.vcxproj", "{80A6BF6A-57D2-4AC9-8988-3DEF5825D359}"
EndProject
Project("{8BC9CEB8-8B4A-11D0-8D11-00A0C91BC942}") = "Buoi04_DSLKDon", "Buoi04_DSLKDon\Buoi04_DSLKDon.vcxproj", "{8C846C5D-D11F-476F-BAB6-6CF8A061DC46}"
EndProject
Project("{8BC9CEB8-8B4A-11D0-8D11-00A0C91BC942}") = "Buoi05_Stack", "Buoi05_Stack\Buoi05_Stack.vcxproj", "{7FE9B91B-65CD-4323-955E-F68E8FC42345}"
EndProject
Project("{8BC9CEB8-8B4A-11D0-8D11-00A0C91BC942}") = "Buoi06_Queue", "Buoi06_Queue\Buoi06_Queue.vcxproj", "{4CC10A74-6948-464B-BF59-E4F5901A13D3}"
EndProject
Project("{8BC9CEB8-8B4A-11D0-8D11-00A0C91BC942}") = "Buoi07_CayNPTK", "Buoi07_CayNPTK\Buoi07_CayNPTK.vcxproj", "{EE8EF4B1-2286-4873-8851-976F4BE0A7A4}"
EndProject
Project("{8BC9CEB8-8B4A-11D0-8D11-00A0C91BC942}") = "Buoi08_CayNPTK", "Buoi08_CayNPTK\Buoi08_CayNPTK.vcxproj", "{AA882FA8-1796-47DB-BAF7-4BED3B4B1DB4}"
EndProject
Project("{8BC9CEB8-8B4A-11D0-8D11-00A0C91BC942}") = "Buoi09_CayAVL", "Buoi09_CayAVL\Buoi09_CayAVL.vcxproj", "{2EB3A977-9268-434F-9698-EBE680404BBA}"
EndProject
Project("{8BC9CEB8-8B4A-11D0-8D11-00A0C91BC942}") = "Buoi09_CayAVL_TuDienEN-VI", "Buoi09_CayAVL_TuDienEN-VI\Buoi09_CayAVL_TuDienEN-VI.vcxproj", "{66B14A58-16C1-4500-8B22-53FADCD2F86D}"
EndProject
Project("{8BC9CEB8-8B4A-11D0-8D11-00A0C91BC942}") = "Buoi10_CayNhieuNhanh", "Buoi10_CayNhieuNhanh\Buoi10_CayNhieuNhanh.vcxproj", "{3952C815-8472-4D16-A53D-0ED67AFC0765}"
EndProject
Project("{8BC9CEB8-8B4A-11D0-8D11-00A0C91BC942}") = "Buoi12_BangBam", "Buoi12_BangBam\Buoi12_BangBam.vcxproj", "{538D545F-644E-43E8-8729-EF778D3F31E4}"
EndProject
Global
	GlobalSection(SolutionConfigurationPlatforms) = preSolution
		Debug|Win32 = Debug|Win32
		Release|Win32 = Release|Win32
	EndGlobalSection
	GlobalSection(ProjectConfigurationPlatforms) = postSolution
		{1A17CE0F-D490-4AE0-A81D-9FFE0D2F38D4}.Debug|Win32.ActiveCfg = Debug|Win32
		{1A17CE0F-D490-4AE0-A81D-9FFE0D2F38D4}.Debug|Win32.Build.0 = Debug|Win32
		{1A17CE0F-D490-4AE0-A81D-9FFE0D2F38D4}.Release|Win32.ActiveCfg = Release|Win32
		{1A17CE0F-D490-4AE0-A81D-9FFE0D2F38D4}.Release|Win32.Build.0 = Release|Win32
		{1E53CF3F-D2D1-472E-A63B-D2BA111C1796}.Debug|Win32.ActiveCfg = Debug|Win32
		{1E53CF3F-D2D1-472E-A63B-D2BA111C1796}.Debug|Win32.Build.0 = Debug|Win32
		{1E53CF3F-D2D1-472E-A63B-D2BA111C1796}.Release|Win32.ActiveCfg = Release|Win32
		{1E53CF3F-D2D1-472E-A63B-D2BA111C1796}.Release|Win32.Build.0 = Release|Win32
		{80A6BF6A-57D2-4AC9-8988-3DEF5825D359}.Debug|Win32.ActiveCfg = Debug|Win32
		{80A6BF6A-57D2-4AC9-8988-3DEF5825D359}.Debug|Win32.Build.0 = Debug|Win32
		{80A6BF6A-57D2-4AC9-8988-3DEF5825D359}.Release|Win32.ActiveCfg = Release|Win32
		{80A6BF6A-57D2-4AC9-8988-3DEF5825D359}.Release|Win32.Build.0 = Release|Win32
		{8C846C5D-D11F-476F-BAB6-6CF8A061DC46}.Debug|Win32.ActiveCfg = Debug|Win32
		{8C846C5D-D11F-476F-BAB6-6CF8A061DC46}.Debug|Win32.Build.0 = Debug|Win32
		{8C846C5D-D11F-476F-BAB6-6CF8A061DC46}.Release|Win32.ActiveCfg = Release|Win32
		{8C846C5D-D11F-476F-BAB6-6CF8A061DC46}.Release|Win32.Build.0 = Release|Win32
		{7FE9B91B-65CD-4323-955E-F68E8FC42345}.Debug|Win32.ActiveCfg = Debug|Win32
		{7FE9B91B-65CD-4323-955E-F68E8FC42345}.Debug|Win32.Build.0 = Debug|Win32
		{7FE9B91B-65CD-4323-955E-F68E8FC42345}.Release|Win32.ActiveCfg = Release|Win32
		{7FE9B91B-65CD-4323-955E-F68E8FC42345}.Release|Win32.Build.0 = Release|Win32
		{4CC10A74-6948-464B-BF59-E4F5901A13D3}.Debug|Win32.ActiveCfg = Debug|Win32
		{4CC10A74-6948-464B-BF59-E4F5901A13D3}.Debug|Win32.Build.0 = Debug|Win32
		{4CC10A74-6948-464B-BF59-E4F5901A13D3}.Release|Win32.ActiveCfg = Release|Win32
		{4CC10A74-6948-464B-BF59-E4F5901A13D3}.Release|Win32.Build.0 = Release|Win32
		{EE8EF4B1-2286-4873-8851-976F4BE0A7A4}.Debug|Win32.ActiveCfg = Debug|Win32
		{EE8EF4B1-2286-4873-8851-976F4BE0A7A4}.Debug|Win32.Build.0 = Debug|Win32
		{EE8EF4B1-2286-4873-8851-976F4BE0A7A4}.Release|Win32.ActiveCfg = Release|Win32
		{EE8EF4B1-2286-4873-8851-976F4BE0A7A4}.Release|Win32.Build.0 = Release|Win32
		{AA882FA8-1796-47DB-BAF7-4BED3B4B1DB4}.Debug|Win32.ActiveCfg = Debug|Win32
		{AA882FA8-1796-47DB-BAF7-4BED3B4B1DB4}.Debug|Win32.Build.0 = Debug|Win32
		{AA882FA8-1796-47DB-BAF7-4BED3B4B1DB4}.Release|Win32.ActiveCfg = Release|Win32
		{AA882FA8-1796-47DB-BAF7-4BED3B4B1DB4}.Release|Win32.Build.0 = Release|Win32
		{2EB3A977-9268-434F-9698-EBE680404BBA}.Debug|Win32.ActiveCfg = Debug|Win32
		{2EB3A977-9268-434F-9698-EBE680404BBA}.Debug|Win32.Build.0 = Debug|Win32
		{2EB3A977-9268-434F-9698-EBE680404BBA}.Release|Win32.ActiveCfg = Release|Win32
		{2EB3A977-9268-434F-9698-EBE680404BBA}.Release|Win32.Build.0 = Release|Win32
		{66B14A58-16C1-4500-8B22-53FADCD2F86D}.Debug|Win32.ActiveCfg = Debug|Win32
		{66B14A58-16C1-4500-8B22-53FADCD2F86D}.Debug|Win32.Build.0 = Debug|Win32
		{66B14A58-16C1-4500-8B22-53FADCD2F86D}.Release|Win32.ActiveCfg = Release|Win32
		{66B14A58-16C1-4500-8B22-53FADCD2F86D}.Release|Win32.Build.0 = Release|Win32
		{3952C815-8472-4D16-A53D-0ED67AFC0765}.Debug|Win32.ActiveCfg = Debug|Win32
		{3952C815-8472-4D16-A53D-0ED67AFC0765}.Debug|Win32.Build.0 = Debug|Win32
		{3952C815-8472-4D16-A53D-0ED67AFC0765}.Release|Win32.ActiveCfg = Release|Win32
		{3952C815-8472-4D16-A53D-0ED67AFC0765}.Release|Win32.Build.0 = Release|Win32
		{538D545F-644E-43E8-8729-EF778D3F31E4}.Debug|Win32.ActiveCfg = Debug|Win32
		{538D545F-644E-43E8-8729-EF778D3F31E4}.Debug|Win32.Build.0 = Debug|Win32
		{538D545F-644E-43E8-8729-EF778D3F31E4}.Release|Win32.ActiveCfg = Release|Win32
		{538D545F-644E-43E8-8729-EF778D3F31E4}.Release|Win32.Build.0 = Release|Win32
	EndGlobalSection
	GlobalSection(SolutionProperties) = preSolution
		HideSolutionNode = FALSE
	EndGlobalSection
EndGlobal
